
Microsoft Visual Studio Solution File, Format Version 12.00
# Visual Studio Version 17
VisualStudioVersion = 17.8.34330.188
MinimumVisualStudioVersion = 10.0.40219.1
Project("{9A19103F-16F7-4668-BE54-9A1E7A4F7556}") = "Stage0", "Stage0\Stage0.csproj", "{DA6EED34-2608-4FDA-937F-7366784E3D3E}"
EndProject
Project("{2150E333-8FDC-42A3-9474-1A3956D46DE8}") = "Solution Items", "Solution Items", "{266C2B67-3D00-4EE1-89F9-CFBD07386080}"
	ProjectSection(SolutionItems) = preProject
		README.md = README.md
	EndProjectSection
EndProject
Project("{9A19103F-16F7-4668-BE54-9A1E7A4F7556}") = "DalFacade", "DalFacade\DalFacade.csproj", "{88BD846B-73FF-44B8-8F68-02A2A390FECF}"
EndProject
Project("{9A19103F-16F7-4668-BE54-9A1E7A4F7556}") = "DalList", "DalList\DalList.csproj", "{ECBE2113-0267-4275-B6F5-624F0E21C7A2}"
EndProject
Project("{9A19103F-16F7-4668-BE54-9A1E7A4F7556}") = "DalTest", "DalTest\DalTest.csproj", "{3A8C976E-6C11-4612-9101-470BB21BB740}"
EndProject
Project("{9A19103F-16F7-4668-BE54-9A1E7A4F7556}") = "DalXml", "DalXml\DalXml.csproj", "{775D2448-01F3-41B8-B727-F69CDB47A1B2}"
EndProject
Project("{2150E333-8FDC-42A3-9474-1A3956D46DE8}") = "xml", "xml", "{EBC984F1-8E4D-43B0-94E3-1C7BFB9178AE}"
	ProjectSection(SolutionItems) = preProject
		xml\dal-config.xml = xml\dal-config.xml
		xml\data-config.xml = xml\data-config.xml
		xml\dependencys.xml = xml\dependencys.xml
		xml\engineers.xml = xml\engineers.xml
		xml\tasks.xml = xml\tasks.xml
	EndProjectSection
EndProject
Project("{9A19103F-16F7-4668-BE54-9A1E7A4F7556}") = "BL", "BL\BL.csproj", "{6D46C2D3-DADD-4973-A04B-F14E85DCEA86}"
EndProject
Project("{9A19103F-16F7-4668-BE54-9A1E7A4F7556}") = "BlTest", "BlTest\BlTest.csproj", "{EB29E110-5545-4ED8-A77E-5A213F55A269}"
EndProject
Project("{FAE04EC0-301F-11D3-BF4B-00C04F79EFBC}") = "PL", "PL\PL.csproj", "{823C3BF6-C409-44BE-8A7A-BBA2DE5D4DFC}"
EndProject
Global
	GlobalSection(SolutionConfigurationPlatforms) = preSolution
		Debug|Any CPU = Debug|Any CPU
		Release|Any CPU = Release|Any CPU
	EndGlobalSection
	GlobalSection(ProjectConfigurationPlatforms) = postSolution
		{DA6EED34-2608-4FDA-937F-7366784E3D3E}.Debug|Any CPU.ActiveCfg = Debug|Any CPU
		{DA6EED34-2608-4FDA-937F-7366784E3D3E}.Debug|Any CPU.Build.0 = Debug|Any CPU
		{DA6EED34-2608-4FDA-937F-7366784E3D3E}.Release|Any CPU.ActiveCfg = Release|Any CPU
		{DA6EED34-2608-4FDA-937F-7366784E3D3E}.Release|Any CPU.Build.0 = Release|Any CPU
		{88BD846B-73FF-44B8-8F68-02A2A390FECF}.Debug|Any CPU.ActiveCfg = Debug|Any CPU
		{88BD846B-73FF-44B8-8F68-02A2A390FECF}.Debug|Any CPU.Build.0 = Debug|Any CPU
		{88BD846B-73FF-44B8-8F68-02A2A390FECF}.Release|Any CPU.ActiveCfg = Release|Any CPU
		{88BD846B-73FF-44B8-8F68-02A2A390FECF}.Release|Any CPU.Build.0 = Release|Any CPU
		{ECBE2113-0267-4275-B6F5-624F0E21C7A2}.Debug|Any CPU.ActiveCfg = Debug|Any CPU
		{ECBE2113-0267-4275-B6F5-624F0E21C7A2}.Debug|Any CPU.Build.0 = Debug|Any CPU
		{ECBE2113-0267-4275-B6F5-624F0E21C7A2}.Release|Any CPU.ActiveCfg = Release|Any CPU
		{ECBE2113-0267-4275-B6F5-624F0E21C7A2}.Release|Any CPU.Build.0 = Release|Any CPU
		{3A8C976E-6C11-4612-9101-470BB21BB740}.Debug|Any CPU.ActiveCfg = Debug|Any CPU
		{3A8C976E-6C11-4612-9101-470BB21BB740}.Debug|Any CPU.Build.0 = Debug|Any CPU
		{3A8C976E-6C11-4612-9101-470BB21BB740}.Release|Any CPU.ActiveCfg = Release|Any CPU
		{3A8C976E-6C11-4612-9101-470BB21BB740}.Release|Any CPU.Build.0 = Release|Any CPU
		{775D2448-01F3-41B8-B727-F69CDB47A1B2}.Debug|Any CPU.ActiveCfg = Debug|Any CPU
		{775D2448-01F3-41B8-B727-F69CDB47A1B2}.Debug|Any CPU.Build.0 = Debug|Any CPU
		{775D2448-01F3-41B8-B727-F69CDB47A1B2}.Release|Any CPU.ActiveCfg = Release|Any CPU
		{775D2448-01F3-41B8-B727-F69CDB47A1B2}.Release|Any CPU.Build.0 = Release|Any CPU
		{6D46C2D3-DADD-4973-A04B-F14E85DCEA86}.Debug|Any CPU.ActiveCfg = Debug|Any CPU
		{6D46C2D3-DADD-4973-A04B-F14E85DCEA86}.Debug|Any CPU.Build.0 = Debug|Any CPU
		{6D46C2D3-DADD-4973-A04B-F14E85DCEA86}.Release|Any CPU.ActiveCfg = Release|Any CPU
		{6D46C2D3-DADD-4973-A04B-F14E85DCEA86}.Release|Any CPU.Build.0 = Release|Any CPU
		{EB29E110-5545-4ED8-A77E-5A213F55A269}.Debug|Any CPU.ActiveCfg = Debug|Any CPU
		{EB29E110-5545-4ED8-A77E-5A213F55A269}.Debug|Any CPU.Build.0 = Debug|Any CPU
		{EB29E110-5545-4ED8-A77E-5A213F55A269}.Release|Any CPU.ActiveCfg = Release|Any CPU
		{EB29E110-5545-4ED8-A77E-5A213F55A269}.Release|Any CPU.Build.0 = Release|Any CPU
		{823C3BF6-C409-44BE-8A7A-BBA2DE5D4DFC}.Debug|Any CPU.ActiveCfg = Debug|Any CPU
		{823C3BF6-C409-44BE-8A7A-BBA2DE5D4DFC}.Debug|Any CPU.Build.0 = Debug|Any CPU
		{823C3BF6-C409-44BE-8A7A-BBA2DE5D4DFC}.Release|Any CPU.ActiveCfg = Release|Any CPU
		{823C3BF6-C409-44BE-8A7A-BBA2DE5D4DFC}.Release|Any CPU.Build.0 = Release|Any CPU
	EndGlobalSection
	GlobalSection(SolutionProperties) = preSolution
		HideSolutionNode = FALSE
	EndGlobalSection
	GlobalSection(NestedProjects) = preSolution
		{EB29E110-5545-4ED8-A77E-5A213F55A269} = {266C2B67-3D00-4EE1-89F9-CFBD07386080}
	EndGlobalSection
	GlobalSection(ExtensibilityGlobals) = postSolution
		SolutionGuid = {77DA5030-041A-4129-8E09-2D331585ED37}
	EndGlobalSection
EndGlobal
